
Microsoft Visual Studio Solution File, Format Version 12.00
# Visual Studio Version 16
VisualStudioVersion = 16.0.33801.447
MinimumVisualStudioVersion = 10.0.40219.1
Project("{9A19103F-16F7-4668-BE54-9A1E7A4F7556}") = "StudentAdmissionManagement", "StudentAdmissionManagement\StudentAdmissionManagement.csproj", "{1504FECD-431C-4E49-8A01-7F14E856EF9C}"
EndProject
Project("{9A19103F-16F7-4668-BE54-9A1E7A4F7556}") = "StudentAttendanceManagement", "StudentAttendanceManagement\StudentAttendanceManagement.csproj", "{BB8B7877-6A69-4AAB-B383-FE2561734F8E}"
EndProject
Project("{FAE04EC0-301F-11D3-BF4B-00C04F79EFBC}") = "SchoolAPIGateway", "SchoolAPIGateway\SchoolAPIGateway.csproj", "{A2A3B4E6-0753-4EE2-AB9B-DE154606FAF4}"
EndProject
Global
	GlobalSection(SolutionConfigurationPlatforms) = preSolution
		Debug|Any CPU = Debug|Any CPU
		Release|Any CPU = Release|Any CPU
	EndGlobalSection
	GlobalSection(ProjectConfigurationPlatforms) = postSolution
		{1504FECD-431C-4E49-8A01-7F14E856EF9C}.Debug|Any CPU.ActiveCfg = Debug|Any CPU
		{1504FECD-431C-4E49-8A01-7F14E856EF9C}.Debug|Any CPU.Build.0 = Debug|Any CPU
		{1504FECD-431C-4E49-8A01-7F14E856EF9C}.Release|Any CPU.ActiveCfg = Release|Any CPU
		{1504FECD-431C-4E49-8A01-7F14E856EF9C}.Release|Any CPU.Build.0 = Release|Any CPU
		{BB8B7877-6A69-4AAB-B383-FE2561734F8E}.Debug|Any CPU.ActiveCfg = Debug|Any CPU
		{BB8B7877-6A69-4AAB-B383-FE2561734F8E}.Debug|Any CPU.Build.0 = Debug|Any CPU
		{BB8B7877-6A69-4AAB-B383-FE2561734F8E}.Release|Any CPU.ActiveCfg = Release|Any CPU
		{BB8B7877-6A69-4AAB-B383-FE2561734F8E}.Release|Any CPU.Build.0 = Release|Any CPU
		{A2A3B4E6-0753-4EE2-AB9B-DE154606FAF4}.Debug|Any CPU.ActiveCfg = Debug|Any CPU
		{A2A3B4E6-0753-4EE2-AB9B-DE154606FAF4}.Debug|Any CPU.Build.0 = Debug|Any CPU
		{A2A3B4E6-0753-4EE2-AB9B-DE154606FAF4}.Release|Any CPU.ActiveCfg = Release|Any CPU
		{A2A3B4E6-0753-4EE2-AB9B-DE154606FAF4}.Release|Any CPU.Build.0 = Release|Any CPU
	EndGlobalSection
	GlobalSection(SolutionProperties) = preSolution
		HideSolutionNode = FALSE
	EndGlobalSection
	GlobalSection(ExtensibilityGlobals) = postSolution
		SolutionGuid = {744DF1AE-06ED-4174-9DF9-D433F488BF54}
	EndGlobalSection
EndGlobal
